
Microsoft Visual Studio Solution File, Format Version 12.00
# Visual Studio Version 17
VisualStudioVersion = 17.3.32922.545
MinimumVisualStudioVersion = 10.0.40219.1
Project("{9A19103F-16F7-4668-BE54-9A1E7A4F7556}") = "ThinkBridge.ShopBridge.Domain", "src\ThinkBridge.ShopBridge.Domain\ThinkBridge.ShopBridge.Domain.csproj", "{A86F165F-905D-41C8-9B40-384F276557F4}"
EndProject
Project("{FAE04EC0-301F-11D3-BF4B-00C04F79EFBC}") = "ThinkBridge.ShopBridge.Data", "src\ThinkBridge.ShopBridge.Data\ThinkBridge.ShopBridge.Data.csproj", "{7CCBB1DB-F59A-47D3-9F0B-D4749CB5440A}"
EndProject
Project("{FAE04EC0-301F-11D3-BF4B-00C04F79EFBC}") = "ThinkBridge.ShopBridge.WebAPI", "src\ThinkBridge.ShopBridge.WebAPI\ThinkBridge.ShopBridge.WebAPI.csproj", "{C4CA81C7-A06B-46D7-A88C-E160305C4047}"
EndProject
Global
	GlobalSection(SolutionConfigurationPlatforms) = preSolution
		Debug|Any CPU = Debug|Any CPU
		Release|Any CPU = Release|Any CPU
	EndGlobalSection
	GlobalSection(ProjectConfigurationPlatforms) = postSolution
		{A86F165F-905D-41C8-9B40-384F276557F4}.Debug|Any CPU.ActiveCfg = Debug|Any CPU
		{A86F165F-905D-41C8-9B40-384F276557F4}.Debug|Any CPU.Build.0 = Debug|Any CPU
		{A86F165F-905D-41C8-9B40-384F276557F4}.Release|Any CPU.ActiveCfg = Release|Any CPU
		{A86F165F-905D-41C8-9B40-384F276557F4}.Release|Any CPU.Build.0 = Release|Any CPU
		{7CCBB1DB-F59A-47D3-9F0B-D4749CB5440A}.Debug|Any CPU.ActiveCfg = Debug|Any CPU
		{7CCBB1DB-F59A-47D3-9F0B-D4749CB5440A}.Debug|Any CPU.Build.0 = Debug|Any CPU
		{7CCBB1DB-F59A-47D3-9F0B-D4749CB5440A}.Release|Any CPU.ActiveCfg = Release|Any CPU
		{7CCBB1DB-F59A-47D3-9F0B-D4749CB5440A}.Release|Any CPU.Build.0 = Release|Any CPU
		{C4CA81C7-A06B-46D7-A88C-E160305C4047}.Debug|Any CPU.ActiveCfg = Debug|Any CPU
		{C4CA81C7-A06B-46D7-A88C-E160305C4047}.Debug|Any CPU.Build.0 = Debug|Any CPU
		{C4CA81C7-A06B-46D7-A88C-E160305C4047}.Release|Any CPU.ActiveCfg = Release|Any CPU
		{C4CA81C7-A06B-46D7-A88C-E160305C4047}.Release|Any CPU.Build.0 = Release|Any CPU
	EndGlobalSection
	GlobalSection(SolutionProperties) = preSolution
		HideSolutionNode = FALSE
	EndGlobalSection
	GlobalSection(ExtensibilityGlobals) = postSolution
		SolutionGuid = {E6E69929-D46E-4958-84A9-2C4CD11BF81D}
	EndGlobalSection
EndGlobal
